// !$*UTF8*$!
{
	archiveVersion = 1;
	classes = {
	};
	objectVersion = 56;
	objects = {

/* Begin PBXBuildFile section */
		A90F23B62A6123DA00CFDA18 /* GitTest.swift in Sources */ = {isa = PBXBuildFile; fileRef = A90F23B52A6123DA00CFDA18 /* GitTest.swift */; };
		A95587052A2715AF00340B86 /* NC1App.swift in Sources */ = {isa = PBXBuildFile; fileRef = A95587042A2715AF00340B86 /* NC1App.swift */; };
		A95587092A2715B100340B86 /* Assets.xcassets in Resources */ = {isa = PBXBuildFile; fileRef = A95587082A2715B100340B86 /* Assets.xcassets */; };
		A955870C2A2715B100340B86 /* Preview Assets.xcassets in Resources */ = {isa = PBXBuildFile; fileRef = A955870B2A2715B100340B86 /* Preview Assets.xcassets */; };
		A955870E2A2715B100340B86 /* Persistence.swift in Sources */ = {isa = PBXBuildFile; fileRef = A955870D2A2715B100340B86 /* Persistence.swift */; };
		A95587112A2715B100340B86 /* NC1.xcdatamodeld in Sources */ = {isa = PBXBuildFile; fileRef = A955870F2A2715B100340B86 /* NC1.xcdatamodeld */; };
		A95587192A27171600340B86 /* Lottie in Frameworks */ = {isa = PBXBuildFile; productRef = A95587182A27171600340B86 /* Lottie */; };
		A95587212A2B898200340B86 /* Lottiefile.swift in Sources */ = {isa = PBXBuildFile; fileRef = A95587202A2B898200340B86 /* Lottiefile.swift */; };
		A95587232A2B8A8A00340B86 /* NC1_dach_run.json in Resources */ = {isa = PBXBuildFile; fileRef = A95587222A2B8A8A00340B86 /* NC1_dach_run.json */; };
		A95587252A2B8AAE00340B86 /* DachRun.swift in Sources */ = {isa = PBXBuildFile; fileRef = A95587242A2B8AAE00340B86 /* DachRun.swift */; };
		A95587292A2DB7EB00340B86 /* DachStart.swift in Sources */ = {isa = PBXBuildFile; fileRef = A95587282A2DB7EB00340B86 /* DachStart.swift */; };
		A9A3ABD12A2F7244007C088B /* Dachfront.json in Resources */ = {isa = PBXBuildFile; fileRef = A9A3ABD02A2F7244007C088B /* Dachfront.json */; };
		A9A3ABD32A30B2BA007C088B /* Dach3.json in Resources */ = {isa = PBXBuildFile; fileRef = A9A3ABD22A30B2B9007C088B /* Dach3.json */; };
		A9A3ABD52A30C843007C088B /* Dachfin.json in Resources */ = {isa = PBXBuildFile; fileRef = A9A3ABD42A30C843007C088B /* Dachfin.json */; };
		A9A3ABD72A30C8F6007C088B /* DachFinish.json in Resources */ = {isa = PBXBuildFile; fileRef = A9A3ABD62A30C8F6007C088B /* DachFinish.json */; };
		A9A3ABD92A30CA5F007C088B /* NC1_bone.json in Resources */ = {isa = PBXBuildFile; fileRef = A9A3ABD82A30CA5F007C088B /* NC1_bone.json */; };
		A9A3ABDB2A30CC63007C088B /* DachRun2.json in Resources */ = {isa = PBXBuildFile; fileRef = A9A3ABDA2A30CC62007C088B /* DachRun2.json */; };
		A9A3ABDD2A31F5AE007C088B /* NC1_Background.json in Resources */ = {isa = PBXBuildFile; fileRef = A9A3ABDC2A31F5AE007C088B /* NC1_Background.json */; };
		A9C0AC432A4E939F00018623 /* App Storage.swift in Sources */ = {isa = PBXBuildFile; fileRef = A9C0AC422A4E939F00018623 /* App Storage.swift */; };
/* End PBXBuildFile section */

/* Begin PBXFileReference section */
		A90F23B52A6123DA00CFDA18 /* GitTest.swift */ = {isa = PBXFileReference; lastKnownFileType = sourcecode.swift; path = GitTest.swift; sourceTree = "<group>"; };
		A95587012A2715AF00340B86 /* NC1.app */ = {isa = PBXFileReference; explicitFileType = wrapper.application; includeInIndex = 0; path = NC1.app; sourceTree = BUILT_PRODUCTS_DIR; };
		A95587042A2715AF00340B86 /* NC1App.swift */ = {isa = PBXFileReference; lastKnownFileType = sourcecode.swift; path = NC1App.swift; sourceTree = "<group>"; };
		A95587082A2715B100340B86 /* Assets.xcassets */ = {isa = PBXFileReference; lastKnownFileType = folder.assetcatalog; path = Assets.xcassets; sourceTree = "<group>"; };
		A955870B2A2715B100340B86 /* Preview Assets.xcassets */ = {isa = PBXFileReference; lastKnownFileType = folder.assetcatalog; path = "Preview Assets.xcassets"; sourceTree = "<group>"; };
		A955870D2A2715B100340B86 /* Persistence.swift */ = {isa = PBXFileReference; lastKnownFileType = sourcecode.swift; path = Persistence.swift; sourceTree = "<group>"; };
		A95587102A2715B100340B86 /* NC1.xcdatamodel */ = {isa = PBXFileReference; lastKnownFileType = wrapper.xcdatamodel; path = NC1.xcdatamodel; sourceTree = "<group>"; };
		A95587202A2B898200340B86 /* Lottiefile.swift */ = {isa = PBXFileReference; lastKnownFileType = sourcecode.swift; path = Lottiefile.swift; sourceTree = "<group>"; };
		A95587222A2B8A8A00340B86 /* NC1_dach_run.json */ = {isa = PBXFileReference; fileEncoding = 4; lastKnownFileType = text.json; path = NC1_dach_run.json; sourceTree = "<group>"; };
		A95587242A2B8AAE00340B86 /* DachRun.swift */ = {isa = PBXFileReference; lastKnownFileType = sourcecode.swift; path = DachRun.swift; sourceTree = "<group>"; };
		A95587282A2DB7EB00340B86 /* DachStart.swift */ = {isa = PBXFileReference; lastKnownFileType = sourcecode.swift; path = DachStart.swift; sourceTree = "<group>"; };
		A9A3ABD02A2F7244007C088B /* Dachfront.json */ = {isa = PBXFileReference; fileEncoding = 4; lastKnownFileType = text.json; path = Dachfront.json; sourceTree = "<group>"; };
		A9A3ABD22A30B2B9007C088B /* Dach3.json */ = {isa = PBXFileReference; fileEncoding = 4; lastKnownFileType = text.json; path = Dach3.json; sourceTree = "<group>"; };
		A9A3ABD42A30C843007C088B /* Dachfin.json */ = {isa = PBXFileReference; fileEncoding = 4; lastKnownFileType = text.json; path = Dachfin.json; sourceTree = "<group>"; };
		A9A3ABD62A30C8F6007C088B /* DachFinish.json */ = {isa = PBXFileReference; fileEncoding = 4; lastKnownFileType = text.json; path = DachFinish.json; sourceTree = "<group>"; };
		A9A3ABD82A30CA5F007C088B /* NC1_bone.json */ = {isa = PBXFileReference; fileEncoding = 4; lastKnownFileType = text.json; path = NC1_bone.json; sourceTree = "<group>"; };
		A9A3ABDA2A30CC62007C088B /* DachRun2.json */ = {isa = PBXFileReference; fileEncoding = 4; lastKnownFileType = text.json; path = DachRun2.json; sourceTree = "<group>"; };
		A9A3ABDC2A31F5AE007C088B /* NC1_Background.json */ = {isa = PBXFileReference; fileEncoding = 4; lastKnownFileType = text.json; path = NC1_Background.json; sourceTree = "<group>"; };
		A9C0AC422A4E939F00018623 /* App Storage.swift */ = {isa = PBXFileReference; lastKnownFileType = sourcecode.swift; path = "App Storage.swift"; sourceTree = "<group>"; };
/* End PBXFileReference section */

/* Begin PBXFrameworksBuildPhase section */
		A95586FE2A2715AF00340B86 /* Frameworks */ = {
			isa = PBXFrameworksBuildPhase;
			buildActionMask = 2147483647;
			files = (
				A95587192A27171600340B86 /* Lottie in Frameworks */,
			);
			runOnlyForDeploymentPostprocessing = 0;
		};
/* End PBXFrameworksBuildPhase section */

/* Begin PBXGroup section */
		A95586F82A2715AF00340B86 = {
			isa = PBXGroup;
			children = (
				A95587032A2715AF00340B86 /* NC1 */,
				A95587022A2715AF00340B86 /* Products */,
			);
			sourceTree = "<group>";
		};
		A95587022A2715AF00340B86 /* Products */ = {
			isa = PBXGroup;
			children = (
				A95587012A2715AF00340B86 /* NC1.app */,
			);
			name = Products;
			sourceTree = "<group>";
		};
		A95587032A2715AF00340B86 /* NC1 */ = {
			isa = PBXGroup;
			children = (
				A95587042A2715AF00340B86 /* NC1App.swift */,
				A90F23B52A6123DA00CFDA18 /* GitTest.swift */,
				A95587242A2B8AAE00340B86 /* DachRun.swift */,
				A95587282A2DB7EB00340B86 /* DachStart.swift */,
				A9C0AC422A4E939F00018623 /* App Storage.swift */,
				A95587082A2715B100340B86 /* Assets.xcassets */,
				A955870D2A2715B100340B86 /* Persistence.swift */,
				A955871A2A271C3C00340B86 /* Utils */,
				A955870F2A2715B100340B86 /* NC1.xcdatamodeld */,
				A955870A2A2715B100340B86 /* Preview Content */,
			);
			path = NC1;
			sourceTree = "<group>";
		};
		A955870A2A2715B100340B86 /* Preview Content */ = {
			isa = PBXGroup;
			children = (
				A955870B2A2715B100340B86 /* Preview Assets.xcassets */,
			);
			path = "Preview Content";
			sourceTree = "<group>";
		};
		A955871A2A271C3C00340B86 /* Utils */ = {
			isa = PBXGroup;
			children = (
				A95587202A2B898200340B86 /* Lottiefile.swift */,
				A9A3ABD82A30CA5F007C088B /* NC1_bone.json */,
				A9A3ABDA2A30CC62007C088B /* DachRun2.json */,
				A95587222A2B8A8A00340B86 /* NC1_dach_run.json */,
				A9A3ABDC2A31F5AE007C088B /* NC1_Background.json */,
				A9A3ABD02A2F7244007C088B /* Dachfront.json */,
				A9A3ABD22A30B2B9007C088B /* Dach3.json */,
				A9A3ABD42A30C843007C088B /* Dachfin.json */,
				A9A3ABD62A30C8F6007C088B /* DachFinish.json */,
			);
			path = Utils;
			sourceTree = "<group>";
		};
/* End PBXGroup section */

/* Begin PBXNativeTarget section */
		A95587002A2715AF00340B86 /* NC1 */ = {
			isa = PBXNativeTarget;
			buildConfigurationList = A95587142A2715B100340B86 /* Build configuration list for PBXNativeTarget "NC1" */;
			buildPhases = (
				A95586FD2A2715AF00340B86 /* Sources */,
				A95586FE2A2715AF00340B86 /* Frameworks */,
				A95586FF2A2715AF00340B86 /* Resources */,
			);
			buildRules = (
			);
			dependencies = (
			);
			name = NC1;
			packageProductDependencies = (
				A95587182A27171600340B86 /* Lottie */,
			);
			productName = NC1;
			productReference = A95587012A2715AF00340B86 /* NC1.app */;
			productType = "com.apple.product-type.application";
		};
/* End PBXNativeTarget section */

/* Begin PBXProject section */
		A95586F92A2715AF00340B86 /* Project object */ = {
			isa = PBXProject;
			attributes = {
				BuildIndependentTargetsInParallel = 1;
				LastSwiftUpdateCheck = 1430;
				LastUpgradeCheck = 1430;
				TargetAttributes = {
					A95587002A2715AF00340B86 = {
						CreatedOnToolsVersion = 14.3;
					};
				};
			};
			buildConfigurationList = A95586FC2A2715AF00340B86 /* Build configuration list for PBXProject "NC1" */;
			compatibilityVersion = "Xcode 14.0";
			developmentRegion = en;
			hasScannedForEncodings = 0;
			knownRegions = (
				en,
				Base,
			);
			mainGroup = A95586F82A2715AF00340B86;
			packageReferences = (
				A95587172A27171600340B86 /* XCRemoteSwiftPackageReference "lottie-ios" */,
			);
			productRefGroup = A95587022A2715AF00340B86 /* Products */;
			projectDirPath = "";
			projectRoot = "";
			targets = (
				A95587002A2715AF00340B86 /* NC1 */,
			);
		};
/* End PBXProject section */

/* Begin PBXResourcesBuildPhase section */
		A95586FF2A2715AF00340B86 /* Resources */ = {
			isa = PBXResourcesBuildPhase;
			buildActionMask = 2147483647;
			files = (
				A9A3ABD72A30C8F6007C088B /* DachFinish.json in Resources */,
				A95587232A2B8A8A00340B86 /* NC1_dach_run.json in Resources */,
				A9A3ABD92A30CA5F007C088B /* NC1_bone.json in Resources */,
				A955870C2A2715B100340B86 /* Preview Assets.xcassets in Resources */,
				A9A3ABD32A30B2BA007C088B /* Dach3.json in Resources */,
				A95587092A2715B100340B86 /* Assets.xcassets in Resources */,
				A9A3ABDD2A31F5AE007C088B /* NC1_Background.json in Resources */,
				A9A3ABDB2A30CC63007C088B /* DachRun2.json in Resources */,
				A9A3ABD12A2F7244007C088B /* Dachfront.json in Resources */,
				A9A3ABD52A30C843007C088B /* Dachfin.json in Resources */,
			);
			runOnlyForDeploymentPostprocessing = 0;
		};
/* End PBXResourcesBuildPhase section */

/* Begin PBXSourcesBuildPhase section */
		A95586FD2A2715AF00340B86 /* Sources */ = {
			isa = PBXSourcesBuildPhase;
			buildActionMask = 2147483647;
			files = (
				A95587292A2DB7EB00340B86 /* DachStart.swift in Sources */,
				A955870E2A2715B100340B86 /* Persistence.swift in Sources */,
				A95587212A2B898200340B86 /* Lottiefile.swift in Sources */,
				A95587112A2715B100340B86 /* NC1.xcdatamodeld in Sources */,
				A90F23B62A6123DA00CFDA18 /* GitTest.swift in Sources */,
				A95587052A2715AF00340B86 /* NC1App.swift in Sources */,
				A9C0AC432A4E939F00018623 /* App Storage.swift in Sources */,
				A95587252A2B8AAE00340B86 /* DachRun.swift in Sources */,
			);
			runOnlyForDeploymentPostprocessing = 0;
		};
/* End PBXSourcesBuildPhase section */

/* Begin XCBuildConfiguration section */
		A95587122A2715B100340B86 /* Debug */ = {
			isa = XCBuildConfiguration;
			buildSettings = {
				ALWAYS_SEARCH_USER_PATHS = NO;
				CLANG_ANALYZER_NONNULL = YES;
				CLANG_ANALYZER_NUMBER_OBJECT_CONVERSION = YES_AGGRESSIVE;
				CLANG_CXX_LANGUAGE_STANDARD = "gnu++20";
				CLANG_ENABLE_MODULES = YES;
				CLANG_ENABLE_OBJC_ARC = YES;
				CLANG_ENABLE_OBJC_WEAK = YES;
				CLANG_WARN_BLOCK_CAPTURE_AUTORELEASING = YES;
				CLANG_WARN_BOOL_CONVERSION = YES;
				CLANG_WARN_COMMA = YES;
				CLANG_WARN_CONSTANT_CONVERSION = YES;
				CLANG_WARN_DEPRECATED_OBJC_IMPLEMENTATIONS = YES;
				CLANG_WARN_DIRECT_OBJC_ISA_USAGE = YES_ERROR;
				CLANG_WARN_DOCUMENTATION_COMMENTS = YES;
				CLANG_WARN_EMPTY_BODY = YES;
				CLANG_WARN_ENUM_CONVERSION = YES;
				CLANG_WARN_INFINITE_RECURSION = YES;
				CLANG_WARN_INT_CONVERSION = YES;
				CLANG_WARN_NON_LITERAL_NULL_CONVERSION = YES;
				CLANG_WARN_OBJC_IMPLICIT_RETAIN_SELF = YES;
				CLANG_WARN_OBJC_LITERAL_CONVERSION = YES;
				CLANG_WARN_OBJC_ROOT_CLASS = YES_ERROR;
				CLANG_WARN_QUOTED_INCLUDE_IN_FRAMEWORK_HEADER = YES;
				CLANG_WARN_RANGE_LOOP_ANALYSIS = YES;
				CLANG_WARN_STRICT_PROTOTYPES = YES;
				CLANG_WARN_SUSPICIOUS_MOVE = YES;
				CLANG_WARN_UNGUARDED_AVAILABILITY = YES_AGGRESSIVE;
				CLANG_WARN_UNREACHABLE_CODE = YES;
				CLANG_WARN__DUPLICATE_METHOD_MATCH = YES;
				COPY_PHASE_STRIP = NO;
				DEBUG_INFORMATION_FORMAT = dwarf;
				ENABLE_STRICT_OBJC_MSGSEND = YES;
				ENABLE_TESTABILITY = YES;
				GCC_C_LANGUAGE_STANDARD = gnu11;
				GCC_DYNAMIC_NO_PIC = NO;
				GCC_NO_COMMON_BLOCKS = YES;
				GCC_OPTIMIZATION_LEVEL = 0;
				GCC_PREPROCESSOR_DEFINITIONS = (
					"DEBUG=1",
					"$(inherited)",
				);
				GCC_WARN_64_TO_32_BIT_CONVERSION = YES;
				GCC_WARN_ABOUT_RETURN_TYPE = YES_ERROR;
				GCC_WARN_UNDECLARED_SELECTOR = YES;
				GCC_WARN_UNINITIALIZED_AUTOS = YES_AGGRESSIVE;
				GCC_WARN_UNUSED_FUNCTION = YES;
				GCC_WARN_UNUSED_VARIABLE = YES;
				IPHONEOS_DEPLOYMENT_TARGET = 16.4;
				MTL_ENABLE_DEBUG_INFO = INCLUDE_SOURCE;
				MTL_FAST_MATH = YES;
				ONLY_ACTIVE_ARCH = YES;
				SDKROOT = iphoneos;
				SWIFT_ACTIVE_COMPILATION_CONDITIONS = DEBUG;
				SWIFT_OPTIMIZATION_LEVEL = "-Onone";
			};
			name = Debug;
		};
		A95587132A2715B100340B86 /* Release */ = {
			isa = XCBuildConfiguration;
			buildSettings = {
				ALWAYS_SEARCH_USER_PATHS = NO;
				CLANG_ANALYZER_NONNULL = YES;
				CLANG_ANALYZER_NUMBER_OBJECT_CONVERSION = YES_AGGRESSIVE;
				CLANG_CXX_LANGUAGE_STANDARD = "gnu++20";
				CLANG_ENABLE_MODULES = YES;
				CLANG_ENABLE_OBJC_ARC = YES;
				CLANG_ENABLE_OBJC_WEAK = YES;
				CLANG_WARN_BLOCK_CAPTURE_AUTORELEASING = YES;
				CLANG_WARN_BOOL_CONVERSION = YES;
				CLANG_WARN_COMMA = YES;
				CLANG_WARN_CONSTANT_CONVERSION = YES;
				CLANG_WARN_DEPRECATED_OBJC_IMPLEMENTATIONS = YES;
				CLANG_WARN_DIRECT_OBJC_ISA_USAGE = YES_ERROR;
				CLANG_WARN_DOCUMENTATION_COMMENTS = YES;
				CLANG_WARN_EMPTY_BODY = YES;
				CLANG_WARN_ENUM_CONVERSION = YES;
				CLANG_WARN_INFINITE_RECURSION = YES;
				CLANG_WARN_INT_CONVERSION = YES;
				CLANG_WARN_NON_LITERAL_NULL_CONVERSION = YES;
				CLANG_WARN_OBJC_IMPLICIT_RETAIN_SELF = YES;
				CLANG_WARN_OBJC_LITERAL_CONVERSION = YES;
				CLANG_WARN_OBJC_ROOT_CLASS = YES_ERROR;
				CLANG_WARN_QUOTED_INCLUDE_IN_FRAMEWORK_HEADER = YES;
				CLANG_WARN_RANGE_LOOP_ANALYSIS = YES;
				CLANG_WARN_STRICT_PROTOTYPES = YES;
				CLANG_WARN_SUSPICIOUS_MOVE = YES;
				CLANG_WARN_UNGUARDED_AVAILABILITY = YES_AGGRESSIVE;
				CLANG_WARN_UNREACHABLE_CODE = YES;
				CLANG_WARN__DUPLICATE_METHOD_MATCH = YES;
				COPY_PHASE_STRIP = NO;
				DEBUG_INFORMATION_FORMAT = "dwarf-with-dsym";
				ENABLE_NS_ASSERTIONS = NO;
				ENABLE_STRICT_OBJC_MSGSEND = YES;
				GCC_C_LANGUAGE_STANDARD = gnu11;
				GCC_NO_COMMON_BLOCKS = YES;
				GCC_WARN_64_TO_32_BIT_CONVERSION = YES;
				GCC_WARN_ABOUT_RETURN_TYPE = YES_ERROR;
				GCC_WARN_UNDECLARED_SELECTOR = YES;
				GCC_WARN_UNINITIALIZED_AUTOS = YES_AGGRESSIVE;
				GCC_WARN_UNUSED_FUNCTION = YES;
				GCC_WARN_UNUSED_VARIABLE = YES;
				IPHONEOS_DEPLOYMENT_TARGET = 16.4;
				MTL_ENABLE_DEBUG_INFO = NO;
				MTL_FAST_MATH = YES;
				SDKROOT = iphoneos;
				SWIFT_COMPILATION_MODE = wholemodule;
				SWIFT_OPTIMIZATION_LEVEL = "-O";
				VALIDATE_PRODUCT = YES;
			};
			name = Release;
		};
		A95587152A2715B100340B86 /* Debug */ = {
			isa = XCBuildConfiguration;
			buildSettings = {
				ASSETCATALOG_COMPILER_APPICON_NAME = AppIcon;
				ASSETCATALOG_COMPILER_GLOBAL_ACCENT_COLOR_NAME = AccentColor;
				CODE_SIGN_STYLE = Automatic;
				CURRENT_PROJECT_VERSION = 1;
				DEVELOPMENT_ASSET_PATHS = "\"NC1/Preview Content\"";
				DEVELOPMENT_TEAM = ULM4SQD73B;
				ENABLE_PREVIEWS = YES;
				GENERATE_INFOPLIST_FILE = YES;
				INFOPLIST_KEY_UIApplicationSceneManifest_Generation = YES;
				INFOPLIST_KEY_UIApplicationSupportsIndirectInputEvents = YES;
				INFOPLIST_KEY_UILaunchScreen_Generation = YES;
				LD_RUNPATH_SEARCH_PATHS = (
					"$(inherited)",
					"@executable_path/Frameworks",
				);
				MARKETING_VERSION = 1.0;
				PRODUCT_BUNDLE_IDENTIFIER = yerin.NC1;
				PRODUCT_NAME = "$(TARGET_NAME)";
				SWIFT_EMIT_LOC_STRINGS = YES;
				SWIFT_VERSION = 5.0;
				TARGETED_DEVICE_FAMILY = "1,2";
			};
			name = Debug;
		};
		A95587162A2715B100340B86 /* Release */ = {
			isa = XCBuildConfiguration;
			buildSettings = {
				ASSETCATALOG_COMPILER_APPICON_NAME = AppIcon;
				ASSETCATALOG_COMPILER_GLOBAL_ACCENT_COLOR_NAME = AccentColor;
				CODE_SIGN_STYLE = Automatic;
				CURRENT_PROJECT_VERSION = 1;
				DEVELOPMENT_ASSET_PATHS = "\"NC1/Preview Content\"";
				DEVELOPMENT_TEAM = ULM4SQD73B;
				ENABLE_PREVIEWS = YES;
				GENERATE_INFOPLIST_FILE = YES;
				INFOPLIST_KEY_UIApplicationSceneManifest_Generation = YES;
				INFOPLIST_KEY_UIApplicationSupportsIndirectInputEvents = YES;
				INFOPLIST_KEY_UILaunchScreen_Generation = YES;
				LD_RUNPATH_SEARCH_PATHS = (
					"$(inherited)",
					"@executable_path/Frameworks",
				);
				MARKETING_VERSION = 1.0;
				PRODUCT_BUNDLE_IDENTIFIER = yerin.NC1;
				PRODUCT_NAME = "$(TARGET_NAME)";
				SWIFT_EMIT_LOC_STRINGS = YES;
				SWIFT_VERSION = 5.0;
				TARGETED_DEVICE_FAMILY = "1,2";
			};
			name = Release;
		};
/* End XCBuildConfiguration section */

/* Begin XCConfigurationList section */
		A95586FC2A2715AF00340B86 /* Build configuration list for PBXProject "NC1" */ = {
			isa = XCConfigurationList;
			buildConfigurations = (
				A95587122A2715B100340B86 /* Debug */,
				A95587132A2715B100340B86 /* Release */,
			);
			defaultConfigurationIsVisible = 0;
			defaultConfigurationName = Release;
		};
		A95587142A2715B100340B86 /* Build configuration list for PBXNativeTarget "NC1" */ = {
			isa = XCConfigurationList;
			buildConfigurations = (
				A95587152A2715B100340B86 /* Debug */,
				A95587162A2715B100340B86 /* Release */,
			);
			defaultConfigurationIsVisible = 0;
			defaultConfigurationName = Release;
		};
/* End XCConfigurationList section */

/* Begin XCRemoteSwiftPackageReference section */
		A95587172A27171600340B86 /* XCRemoteSwiftPackageReference "lottie-ios" */ = {
			isa = XCRemoteSwiftPackageReference;
			repositoryURL = "https://github.com/airbnb/lottie-ios";
			requirement = {
				kind = upToNextMajorVersion;
				minimumVersion = 4.0.0;
			};
		};
/* End XCRemoteSwiftPackageReference section */

/* Begin XCSwiftPackageProductDependency section */
		A95587182A27171600340B86 /* Lottie */ = {
			isa = XCSwiftPackageProductDependency;
			package = A95587172A27171600340B86 /* XCRemoteSwiftPackageReference "lottie-ios" */;
			productName = Lottie;
		};
/* End XCSwiftPackageProductDependency section */

/* Begin XCVersionGroup section */
		A955870F2A2715B100340B86 /* NC1.xcdatamodeld */ = {
			isa = XCVersionGroup;
			children = (
				A95587102A2715B100340B86 /* NC1.xcdatamodel */,
			);
			currentVersion = A95587102A2715B100340B86 /* NC1.xcdatamodel */;
			path = NC1.xcdatamodeld;
			sourceTree = "<group>";
			versionGroupType = wrapper.xcdatamodel;
		};
/* End XCVersionGroup section */
	};
	rootObject = A95586F92A2715AF00340B86 /* Project object */;
}
